
Microsoft Visual Studio Solution File, Format Version 12.00
# Visual Studio Version 17
VisualStudioVersion = 17.11.35222.181
MinimumVisualStudioVersion = 10.0.40219.1
Project("{9A19103F-16F7-4668-BE54-9A1E7A4F7556}") = "DeveloperWorkingInWorldOfAi", "DeveloperWorkingInWorldOfAi\DeveloperWorkingInWorldOfAi.csproj", "{8E66B1D9-39BF-477D-8D90-9CDB2A76950A}"
EndProject
Project("{9A19103F-16F7-4668-BE54-9A1E7A4F7556}") = "BLL", "BLL\BLL.csproj", "{76772D3C-8B53-44FE-A76D-B68D4CF9F04A}"
EndProject
Project("{9A19103F-16F7-4668-BE54-9A1E7A4F7556}") = "Shared", "Shared\Shared.csproj", "{EFE188B6-1076-446F-BBED-E53457F63A46}"
EndProject
Project("{9A19103F-16F7-4668-BE54-9A1E7A4F7556}") = "Tests", "Tests\Tests.csproj", "{BBB4C2C5-896D-49D3-8351-A8E9E00C32ED}"
EndProject
Project("{9A19103F-16F7-4668-BE54-9A1E7A4F7556}") = "HabitTracker", "HabitTrackerApps\HabitTracker\HabitTracker.csproj", "{470F02BC-29D6-4A17-8545-79753B1B762E}"
EndProject
Project("{2150E333-8FDC-42A3-9474-1A3956D46DE8}") = "HabitTrackerApps", "HabitTrackerApps", "{1BDA70EC-3DA4-423E-97A7-08B1ECDD234A}"
EndProject
Project("{9A19103F-16F7-4668-BE54-9A1E7A4F7556}") = "HabitTrackerMvc", "HabitTrackerApps\HabitTrackerMvc\HabitTrackerMvc.csproj", "{A564B327-D505-4E7F-A290-19FA4929A710}"
EndProject
Project("{2150E333-8FDC-42A3-9474-1A3956D46DE8}") = "Ai", "Ai", "{F52F6B79-7FBC-4938-AA7E-A06CEF5C1EE5}"
EndProject
Project("{888888A0-9F3D-457C-B088-3A5042F75D52}") = "AiModelRunner", "Ai\AiModelRunner\AiModelRunner.pyproj", "{E50E4A3F-C769-4014-BC63-72B39CE110E0}"
EndProject
Project("{9A19103F-16F7-4668-BE54-9A1E7A4F7556}") = "AiModelApi", "Ai\AiModelApi\AiModelApi.csproj", "{0A7F629D-2EBB-40A3-B64E-692A889E358B}"
EndProject
Project("{FAE04EC0-301F-11D3-BF4B-00C04F79EFBC}") = "RunCommands", "RunCommands\RunCommands.csproj", "{67E2E3CE-6E21-48F0-A111-D6EABEF60DE9}"
EndProject
Global
	GlobalSection(SolutionConfigurationPlatforms) = preSolution
		Debug|Any CPU = Debug|Any CPU
		Release|Any CPU = Release|Any CPU
	EndGlobalSection
	GlobalSection(ProjectConfigurationPlatforms) = postSolution
		{8E66B1D9-39BF-477D-8D90-9CDB2A76950A}.Debug|Any CPU.ActiveCfg = Debug|Any CPU
		{8E66B1D9-39BF-477D-8D90-9CDB2A76950A}.Debug|Any CPU.Build.0 = Debug|Any CPU
		{8E66B1D9-39BF-477D-8D90-9CDB2A76950A}.Release|Any CPU.ActiveCfg = Release|Any CPU
		{8E66B1D9-39BF-477D-8D90-9CDB2A76950A}.Release|Any CPU.Build.0 = Release|Any CPU
		{76772D3C-8B53-44FE-A76D-B68D4CF9F04A}.Debug|Any CPU.ActiveCfg = Debug|Any CPU
		{76772D3C-8B53-44FE-A76D-B68D4CF9F04A}.Debug|Any CPU.Build.0 = Debug|Any CPU
		{76772D3C-8B53-44FE-A76D-B68D4CF9F04A}.Release|Any CPU.ActiveCfg = Release|Any CPU
		{76772D3C-8B53-44FE-A76D-B68D4CF9F04A}.Release|Any CPU.Build.0 = Release|Any CPU
		{EFE188B6-1076-446F-BBED-E53457F63A46}.Debug|Any CPU.ActiveCfg = Debug|Any CPU
		{EFE188B6-1076-446F-BBED-E53457F63A46}.Debug|Any CPU.Build.0 = Debug|Any CPU
		{EFE188B6-1076-446F-BBED-E53457F63A46}.Release|Any CPU.ActiveCfg = Release|Any CPU
		{EFE188B6-1076-446F-BBED-E53457F63A46}.Release|Any CPU.Build.0 = Release|Any CPU
		{BBB4C2C5-896D-49D3-8351-A8E9E00C32ED}.Debug|Any CPU.ActiveCfg = Debug|Any CPU
		{BBB4C2C5-896D-49D3-8351-A8E9E00C32ED}.Debug|Any CPU.Build.0 = Debug|Any CPU
		{BBB4C2C5-896D-49D3-8351-A8E9E00C32ED}.Release|Any CPU.ActiveCfg = Release|Any CPU
		{BBB4C2C5-896D-49D3-8351-A8E9E00C32ED}.Release|Any CPU.Build.0 = Release|Any CPU
		{470F02BC-29D6-4A17-8545-79753B1B762E}.Debug|Any CPU.ActiveCfg = Debug|Any CPU
		{470F02BC-29D6-4A17-8545-79753B1B762E}.Debug|Any CPU.Build.0 = Debug|Any CPU
		{470F02BC-29D6-4A17-8545-79753B1B762E}.Release|Any CPU.ActiveCfg = Release|Any CPU
		{470F02BC-29D6-4A17-8545-79753B1B762E}.Release|Any CPU.Build.0 = Release|Any CPU
		{A564B327-D505-4E7F-A290-19FA4929A710}.Debug|Any CPU.ActiveCfg = Debug|Any CPU
		{A564B327-D505-4E7F-A290-19FA4929A710}.Debug|Any CPU.Build.0 = Debug|Any CPU
		{A564B327-D505-4E7F-A290-19FA4929A710}.Release|Any CPU.ActiveCfg = Release|Any CPU
		{A564B327-D505-4E7F-A290-19FA4929A710}.Release|Any CPU.Build.0 = Release|Any CPU
		{E50E4A3F-C769-4014-BC63-72B39CE110E0}.Debug|Any CPU.ActiveCfg = Debug|Any CPU
		{E50E4A3F-C769-4014-BC63-72B39CE110E0}.Release|Any CPU.ActiveCfg = Release|Any CPU
		{0A7F629D-2EBB-40A3-B64E-692A889E358B}.Debug|Any CPU.ActiveCfg = Debug|Any CPU
		{0A7F629D-2EBB-40A3-B64E-692A889E358B}.Debug|Any CPU.Build.0 = Debug|Any CPU
		{0A7F629D-2EBB-40A3-B64E-692A889E358B}.Release|Any CPU.ActiveCfg = Release|Any CPU
		{0A7F629D-2EBB-40A3-B64E-692A889E358B}.Release|Any CPU.Build.0 = Release|Any CPU
		{67E2E3CE-6E21-48F0-A111-D6EABEF60DE9}.Debug|Any CPU.ActiveCfg = Debug|Any CPU
		{67E2E3CE-6E21-48F0-A111-D6EABEF60DE9}.Debug|Any CPU.Build.0 = Debug|Any CPU
		{67E2E3CE-6E21-48F0-A111-D6EABEF60DE9}.Release|Any CPU.ActiveCfg = Release|Any CPU
		{67E2E3CE-6E21-48F0-A111-D6EABEF60DE9}.Release|Any CPU.Build.0 = Release|Any CPU
	EndGlobalSection
	GlobalSection(SolutionProperties) = preSolution
		HideSolutionNode = FALSE
	EndGlobalSection
	GlobalSection(NestedProjects) = preSolution
		{470F02BC-29D6-4A17-8545-79753B1B762E} = {1BDA70EC-3DA4-423E-97A7-08B1ECDD234A}
		{A564B327-D505-4E7F-A290-19FA4929A710} = {1BDA70EC-3DA4-423E-97A7-08B1ECDD234A}
		{E50E4A3F-C769-4014-BC63-72B39CE110E0} = {F52F6B79-7FBC-4938-AA7E-A06CEF5C1EE5}
		{0A7F629D-2EBB-40A3-B64E-692A889E358B} = {F52F6B79-7FBC-4938-AA7E-A06CEF5C1EE5}
		{67E2E3CE-6E21-48F0-A111-D6EABEF60DE9} = {F52F6B79-7FBC-4938-AA7E-A06CEF5C1EE5}
	EndGlobalSection
	GlobalSection(ExtensibilityGlobals) = postSolution
		SolutionGuid = {CA2EDCC8-FC83-4CCE-9D0F-2FF2E0EB6807}
	EndGlobalSection
EndGlobal
